
Microsoft Visual Studio Solution File, Format Version 12.00
# Visual Studio Version 17
VisualStudioVersion = 17.5.33424.131
MinimumVisualStudioVersion = 10.0.40219.1
Project("{FAE04EC0-301F-11D3-BF4B-00C04F79EFBC}") = "ManipulacaoDeStrings.ConsoleApp", "ManipulacaoDeStrings.ConsoleApp\ManipulacaoDeStrings.ConsoleApp.csproj", "{D3F679EE-FF43-46C3-89BA-FC32CC10D74D}"
EndProject
Global
	GlobalSection(SolutionConfigurationPlatforms) = preSolution
		Debug|Any CPU = Debug|Any CPU
		Release|Any CPU = Release|Any CPU
	EndGlobalSection
	GlobalSection(ProjectConfigurationPlatforms) = postSolution
		{D3F679EE-FF43-46C3-89BA-FC32CC10D74D}.Debug|Any CPU.ActiveCfg = Debug|Any CPU
		{D3F679EE-FF43-46C3-89BA-FC32CC10D74D}.Debug|Any CPU.Build.0 = Debug|Any CPU
		{D3F679EE-FF43-46C3-89BA-FC32CC10D74D}.Release|Any CPU.ActiveCfg = Release|Any CPU
		{D3F679EE-FF43-46C3-89BA-FC32CC10D74D}.Release|Any CPU.Build.0 = Release|Any CPU
	EndGlobalSection
	GlobalSection(SolutionProperties) = preSolution
		HideSolutionNode = FALSE
	EndGlobalSection
	GlobalSection(ExtensibilityGlobals) = postSolution
		SolutionGuid = {81BDFDAE-EAAF-4D79-B9F8-0E777C463C5A}
	EndGlobalSection
EndGlobal
