
Microsoft Visual Studio Solution File, Format Version 12.00
# Visual Studio Version 17
VisualStudioVersion = 17.5.33424.131
MinimumVisualStudioVersion = 10.0.40219.1
Project("{FAE04EC0-301F-11D3-BF4B-00C04F79EFBC}") = "Exercicio02", "Exercicio02\Exercicio02.csproj", "{5871EC6B-17A8-4CCE-931F-030DB121BA31}"
EndProject
Project("{FAE04EC0-301F-11D3-BF4B-00C04F79EFBC}") = "Exercicio03", "Exercicio03\Exercicio03.csproj", "{0817C705-9808-4091-BCC9-F1F93DCCD178}"
EndProject
Project("{FAE04EC0-301F-11D3-BF4B-00C04F79EFBC}") = "Exercicio04", "Exercicio04\Exercicio04.csproj", "{3E7D6E93-999D-4023-9237-2AE28C4C2527}"
EndProject
Project("{FAE04EC0-301F-11D3-BF4B-00C04F79EFBC}") = "Exercicio05", "Exercicio05\Exercicio05.csproj", "{33E4B9F0-2227-46EE-B017-6B58D82FA9DD}"
EndProject
Project("{FAE04EC0-301F-11D3-BF4B-00C04F79EFBC}") = "Exercicio06", "Exercicio06\Exercicio06.csproj", "{1F48F87B-3D40-4B6B-9928-545BCCC4EDA4}"
EndProject
Project("{FAE04EC0-301F-11D3-BF4B-00C04F79EFBC}") = "Exercicio01", "Exercicio01\Exercicio01.csproj", "{53EB313A-C830-4F17-AA49-88373F123F4E}"
EndProject
Global
	GlobalSection(SolutionConfigurationPlatforms) = preSolution
		Debug|Any CPU = Debug|Any CPU
		Release|Any CPU = Release|Any CPU
	EndGlobalSection
	GlobalSection(ProjectConfigurationPlatforms) = postSolution
		{5871EC6B-17A8-4CCE-931F-030DB121BA31}.Debug|Any CPU.ActiveCfg = Debug|Any CPU
		{5871EC6B-17A8-4CCE-931F-030DB121BA31}.Debug|Any CPU.Build.0 = Debug|Any CPU
		{5871EC6B-17A8-4CCE-931F-030DB121BA31}.Release|Any CPU.ActiveCfg = Release|Any CPU
		{5871EC6B-17A8-4CCE-931F-030DB121BA31}.Release|Any CPU.Build.0 = Release|Any CPU
		{0817C705-9808-4091-BCC9-F1F93DCCD178}.Debug|Any CPU.ActiveCfg = Debug|Any CPU
		{0817C705-9808-4091-BCC9-F1F93DCCD178}.Debug|Any CPU.Build.0 = Debug|Any CPU
		{0817C705-9808-4091-BCC9-F1F93DCCD178}.Release|Any CPU.ActiveCfg = Release|Any CPU
		{0817C705-9808-4091-BCC9-F1F93DCCD178}.Release|Any CPU.Build.0 = Release|Any CPU
		{3E7D6E93-999D-4023-9237-2AE28C4C2527}.Debug|Any CPU.ActiveCfg = Debug|Any CPU
		{3E7D6E93-999D-4023-9237-2AE28C4C2527}.Debug|Any CPU.Build.0 = Debug|Any CPU
		{3E7D6E93-999D-4023-9237-2AE28C4C2527}.Release|Any CPU.ActiveCfg = Release|Any CPU
		{3E7D6E93-999D-4023-9237-2AE28C4C2527}.Release|Any CPU.Build.0 = Release|Any CPU
		{33E4B9F0-2227-46EE-B017-6B58D82FA9DD}.Debug|Any CPU.ActiveCfg = Debug|Any CPU
		{33E4B9F0-2227-46EE-B017-6B58D82FA9DD}.Debug|Any CPU.Build.0 = Debug|Any CPU
		{33E4B9F0-2227-46EE-B017-6B58D82FA9DD}.Release|Any CPU.ActiveCfg = Release|Any CPU
		{33E4B9F0-2227-46EE-B017-6B58D82FA9DD}.Release|Any CPU.Build.0 = Release|Any CPU
		{1F48F87B-3D40-4B6B-9928-545BCCC4EDA4}.Debug|Any CPU.ActiveCfg = Debug|Any CPU
		{1F48F87B-3D40-4B6B-9928-545BCCC4EDA4}.Debug|Any CPU.Build.0 = Debug|Any CPU
		{1F48F87B-3D40-4B6B-9928-545BCCC4EDA4}.Release|Any CPU.ActiveCfg = Release|Any CPU
		{1F48F87B-3D40-4B6B-9928-545BCCC4EDA4}.Release|Any CPU.Build.0 = Release|Any CPU
		{53EB313A-C830-4F17-AA49-88373F123F4E}.Debug|Any CPU.ActiveCfg = Debug|Any CPU
		{53EB313A-C830-4F17-AA49-88373F123F4E}.Debug|Any CPU.Build.0 = Debug|Any CPU
		{53EB313A-C830-4F17-AA49-88373F123F4E}.Release|Any CPU.ActiveCfg = Release|Any CPU
		{53EB313A-C830-4F17-AA49-88373F123F4E}.Release|Any CPU.Build.0 = Release|Any CPU
	EndGlobalSection
	GlobalSection(SolutionProperties) = preSolution
		HideSolutionNode = FALSE
	EndGlobalSection
	GlobalSection(ExtensibilityGlobals) = postSolution
		SolutionGuid = {81BDFDAE-EAAF-4D79-B9F8-0E777C463C5A}
	EndGlobalSection
EndGlobal
